// !$*UTF8*$!
{
	archiveVersion = 1;
	classes = {
	};
	objectVersion = 50;
	objects = {

/* Begin PBXBuildFile section */
		AB14AE4B22B1FE1000C78E5C /* AppDelegate.swift in Sources */ = {isa = PBXBuildFile; fileRef = AB14AE4A22B1FE1000C78E5C /* AppDelegate.swift */; };
		AB14AE4D22B1FE1000C78E5C /* ViewController.swift in Sources */ = {isa = PBXBuildFile; fileRef = AB14AE4C22B1FE1000C78E5C /* ViewController.swift */; };
		AB14AE5022B1FE1000C78E5C /* Main.storyboard in Resources */ = {isa = PBXBuildFile; fileRef = AB14AE4E22B1FE1000C78E5C /* Main.storyboard */; };
		AB14AE5222B1FE1100C78E5C /* Assets.xcassets in Resources */ = {isa = PBXBuildFile; fileRef = AB14AE5122B1FE1100C78E5C /* Assets.xcassets */; };
		AB14AE5522B1FE1100C78E5C /* LaunchScreen.storyboard in Resources */ = {isa = PBXBuildFile; fileRef = AB14AE5322B1FE1100C78E5C /* LaunchScreen.storyboard */; };
		AB14AE5E22B3147600C78E5C /* PushNotifications.framework in Frameworks */ = {isa = PBXBuildFile; fileRef = AB14AE5D22B3147600C78E5C /* PushNotifications.framework */; };
		AB14AE6222B47EFA00C78E5C /* MultiChoiceAlertViewController.swift in Sources */ = {isa = PBXBuildFile; fileRef = AB14AE6122B47EFA00C78E5C /* MultiChoiceAlertViewController.swift */; };
/* End PBXBuildFile section */

/* Begin PBXFileReference section */
		AB14AE4722B1FE1000C78E5C /* beamsapidemo.app */ = {isa = PBXFileReference; explicitFileType = wrapper.application; includeInIndex = 0; path = beamsapidemo.app; sourceTree = BUILT_PRODUCTS_DIR; };
		AB14AE4A22B1FE1000C78E5C /* AppDelegate.swift */ = {isa = PBXFileReference; lastKnownFileType = sourcecode.swift; path = AppDelegate.swift; sourceTree = "<group>"; };
		AB14AE4C22B1FE1000C78E5C /* ViewController.swift */ = {isa = PBXFileReference; lastKnownFileType = sourcecode.swift; path = ViewController.swift; sourceTree = "<group>"; };
		AB14AE4F22B1FE1000C78E5C /* Base */ = {isa = PBXFileReference; lastKnownFileType = file.storyboard; name = Base; path = Base.lproj/Main.storyboard; sourceTree = "<group>"; };
		AB14AE5122B1FE1100C78E5C /* Assets.xcassets */ = {isa = PBXFileReference; lastKnownFileType = folder.assetcatalog; path = Assets.xcassets; sourceTree = "<group>"; };
		AB14AE5422B1FE1100C78E5C /* Base */ = {isa = PBXFileReference; lastKnownFileType = file.storyboard; name = Base; path = Base.lproj/LaunchScreen.storyboard; sourceTree = "<group>"; };
		AB14AE5622B1FE1100C78E5C /* Info.plist */ = {isa = PBXFileReference; lastKnownFileType = text.plist.xml; path = Info.plist; sourceTree = "<group>"; };
		AB14AE5D22B3147600C78E5C /* PushNotifications.framework */ = {isa = PBXFileReference; lastKnownFileType = wrapper.framework; name = PushNotifications.framework; path = Carthage/Build/iOS/PushNotifications.framework; sourceTree = "<group>"; };
		AB14AE6022B4253900C78E5C /* beamsapidemo.entitlements */ = {isa = PBXFileReference; lastKnownFileType = text.plist.entitlements; path = beamsapidemo.entitlements; sourceTree = "<group>"; };
		AB14AE6122B47EFA00C78E5C /* MultiChoiceAlertViewController.swift */ = {isa = PBXFileReference; lastKnownFileType = sourcecode.swift; path = MultiChoiceAlertViewController.swift; sourceTree = "<group>"; };
/* End PBXFileReference section */

/* Begin PBXFrameworksBuildPhase section */
		AB14AE4422B1FE1000C78E5C /* Frameworks */ = {
			isa = PBXFrameworksBuildPhase;
			buildActionMask = 2147483647;
			files = (
				AB14AE5E22B3147600C78E5C /* PushNotifications.framework in Frameworks */,
			);
			runOnlyForDeploymentPostprocessing = 0;
		};
/* End PBXFrameworksBuildPhase section */

/* Begin PBXGroup section */
		AB14AE3E22B1FE1000C78E5C = {
			isa = PBXGroup;
			children = (
				AB14AE4922B1FE1000C78E5C /* beamsapidemo */,
				AB14AE4822B1FE1000C78E5C /* Products */,
				AB14AE5C22B3147600C78E5C /* Frameworks */,
			);
			sourceTree = "<group>";
		};
		AB14AE4822B1FE1000C78E5C /* Products */ = {
			isa = PBXGroup;
			children = (
				AB14AE4722B1FE1000C78E5C /* beamsapidemo.app */,
			);
			name = Products;
			sourceTree = "<group>";
		};
		AB14AE4922B1FE1000C78E5C /* beamsapidemo */ = {
			isa = PBXGroup;
			children = (
				AB14AE6022B4253900C78E5C /* beamsapidemo.entitlements */,
				AB14AE4A22B1FE1000C78E5C /* AppDelegate.swift */,
				AB14AE4C22B1FE1000C78E5C /* ViewController.swift */,
				AB14AE6122B47EFA00C78E5C /* MultiChoiceAlertViewController.swift */,
				AB14AE4E22B1FE1000C78E5C /* Main.storyboard */,
				AB14AE5122B1FE1100C78E5C /* Assets.xcassets */,
				AB14AE5322B1FE1100C78E5C /* LaunchScreen.storyboard */,
				AB14AE5622B1FE1100C78E5C /* Info.plist */,
			);
			path = beamsapidemo;
			sourceTree = "<group>";
		};
		AB14AE5C22B3147600C78E5C /* Frameworks */ = {
			isa = PBXGroup;
			children = (
				AB14AE5D22B3147600C78E5C /* PushNotifications.framework */,
			);
			name = Frameworks;
			sourceTree = "<group>";
		};
/* End PBXGroup section */

/* Begin PBXNativeTarget section */
		AB14AE4622B1FE1000C78E5C /* beamsapidemo */ = {
			isa = PBXNativeTarget;
			buildConfigurationList = AB14AE5922B1FE1100C78E5C /* Build configuration list for PBXNativeTarget "beamsapidemo" */;
			buildPhases = (
				AB14AE4322B1FE1000C78E5C /* Sources */,
				AB14AE4422B1FE1000C78E5C /* Frameworks */,
				AB14AE4522B1FE1000C78E5C /* Resources */,
				AB14AE5F22B314B500C78E5C /* ShellScript */,
			);
			buildRules = (
			);
			dependencies = (
			);
			name = beamsapidemo;
			productName = beamsapidemo;
			productReference = AB14AE4722B1FE1000C78E5C /* beamsapidemo.app */;
			productType = "com.apple.product-type.application";
		};
/* End PBXNativeTarget section */

/* Begin PBXProject section */
		AB14AE3F22B1FE1000C78E5C /* Project object */ = {
			isa = PBXProject;
			attributes = {
				LastSwiftUpdateCheck = 1020;
				LastUpgradeCheck = 1020;
				ORGANIZATIONNAME = Suragch;
				TargetAttributes = {
					AB14AE4622B1FE1000C78E5C = {
						CreatedOnToolsVersion = 10.2.1;
						SystemCapabilities = {
							com.apple.BackgroundModes = {
								enabled = 1;
							};
							com.apple.Push = {
								enabled = 1;
							};
						};
					};
				};
			};
			buildConfigurationList = AB14AE4222B1FE1000C78E5C /* Build configuration list for PBXProject "beamsapidemo" */;
			compatibilityVersion = "Xcode 9.3";
			developmentRegion = en;
			hasScannedForEncodings = 0;
			knownRegions = (
				en,
				Base,
			);
			mainGroup = AB14AE3E22B1FE1000C78E5C;
			productRefGroup = AB14AE4822B1FE1000C78E5C /* Products */;
			projectDirPath = "";
			projectRoot = "";
			targets = (
				AB14AE4622B1FE1000C78E5C /* beamsapidemo */,
			);
		};
/* End PBXProject section */

/* Begin PBXResourcesBuildPhase section */
		AB14AE4522B1FE1000C78E5C /* Resources */ = {
			isa = PBXResourcesBuildPhase;
			buildActionMask = 2147483647;
			files = (
				AB14AE5522B1FE1100C78E5C /* LaunchScreen.storyboard in Resources */,
				AB14AE5222B1FE1100C78E5C /* Assets.xcassets in Resources */,
				AB14AE5022B1FE1000C78E5C /* Main.storyboard in Resources */,
			);
			runOnlyForDeploymentPostprocessing = 0;
		};
/* End PBXResourcesBuildPhase section */

/* Begin PBXShellScriptBuildPhase section */
		AB14AE5F22B314B500C78E5C /* ShellScript */ = {
			isa = PBXShellScriptBuildPhase;
			buildActionMask = 2147483647;
			files = (
			);
			inputFileListPaths = (
			);
			inputPaths = (
				"$(SRCROOT)/Carthage/Build/iOS/PushNotifications.framework",
			);
			outputFileListPaths = (
			);
			outputPaths = (
			);
			runOnlyForDeploymentPostprocessing = 0;
			shellPath = /bin/sh;
			shellScript = "# Type a script or drag a script file from your workspace to insert its path.\n/usr/local/bin/carthage copy-frameworks\n";
		};
/* End PBXShellScriptBuildPhase section */

/* Begin PBXSourcesBuildPhase section */
		AB14AE4322B1FE1000C78E5C /* Sources */ = {
			isa = PBXSourcesBuildPhase;
			buildActionMask = 2147483647;
			files = (
				AB14AE6222B47EFA00C78E5C /* MultiChoiceAlertViewController.swift in Sources */,
				AB14AE4D22B1FE1000C78E5C /* ViewController.swift in Sources */,
				AB14AE4B22B1FE1000C78E5C /* AppDelegate.swift in Sources */,
			);
			runOnlyForDeploymentPostprocessing = 0;
		};
/* End PBXSourcesBuildPhase section */

/* Begin PBXVariantGroup section */
		AB14AE4E22B1FE1000C78E5C /* Main.storyboard */ = {
			isa = PBXVariantGroup;
			children = (
				AB14AE4F22B1FE1000C78E5C /* Base */,
			);
			name = Main.storyboard;
			sourceTree = "<group>";
		};
		AB14AE5322B1FE1100C78E5C /* LaunchScreen.storyboard */ = {
			isa = PBXVariantGroup;
			children = (
				AB14AE5422B1FE1100C78E5C /* Base */,
			);
			name = LaunchScreen.storyboard;
			sourceTree = "<group>";
		};
/* End PBXVariantGroup section */

/* Begin XCBuildConfiguration section */
		AB14AE5722B1FE1100C78E5C /* Debug */ = {
			isa = XCBuildConfiguration;
			buildSettings = {
				ALWAYS_SEARCH_USER_PATHS = NO;
				CLANG_ANALYZER_NONNULL = YES;
				CLANG_ANALYZER_NUMBER_OBJECT_CONVERSION = YES_AGGRESSIVE;
				CLANG_CXX_LANGUAGE_STANDARD = "gnu++14";
				CLANG_CXX_LIBRARY = "libc++";
				CLANG_ENABLE_MODULES = YES;
				CLANG_ENABLE_OBJC_ARC = YES;
				CLANG_ENABLE_OBJC_WEAK = YES;
				CLANG_WARN_BLOCK_CAPTURE_AUTORELEASING = YES;
				CLANG_WARN_BOOL_CONVERSION = YES;
				CLANG_WARN_COMMA = YES;
				CLANG_WARN_CONSTANT_CONVERSION = YES;
				CLANG_WARN_DEPRECATED_OBJC_IMPLEMENTATIONS = YES;
				CLANG_WARN_DIRECT_OBJC_ISA_USAGE = YES_ERROR;
				CLANG_WARN_DOCUMENTATION_COMMENTS = YES;
				CLANG_WARN_EMPTY_BODY = YES;
				CLANG_WARN_ENUM_CONVERSION = YES;
				CLANG_WARN_INFINITE_RECURSION = YES;
				CLANG_WARN_INT_CONVERSION = YES;
				CLANG_WARN_NON_LITERAL_NULL_CONVERSION = YES;
				CLANG_WARN_OBJC_IMPLICIT_RETAIN_SELF = YES;
				CLANG_WARN_OBJC_LITERAL_CONVERSION = YES;
				CLANG_WARN_OBJC_ROOT_CLASS = YES_ERROR;
				CLANG_WARN_RANGE_LOOP_ANALYSIS = YES;
				CLANG_WARN_STRICT_PROTOTYPES = YES;
				CLANG_WARN_SUSPICIOUS_MOVE = YES;
				CLANG_WARN_UNGUARDED_AVAILABILITY = YES_AGGRESSIVE;
				CLANG_WARN_UNREACHABLE_CODE = YES;
				CLANG_WARN__DUPLICATE_METHOD_MATCH = YES;
				CODE_SIGN_IDENTITY = "iPhone Developer";
				COPY_PHASE_STRIP = NO;
				DEBUG_INFORMATION_FORMAT = dwarf;
				ENABLE_STRICT_OBJC_MSGSEND = YES;
				ENABLE_TESTABILITY = YES;
				GCC_C_LANGUAGE_STANDARD = gnu11;
				GCC_DYNAMIC_NO_PIC = NO;
				GCC_NO_COMMON_BLOCKS = YES;
				GCC_OPTIMIZATION_LEVEL = 0;
				GCC_PREPROCESSOR_DEFINITIONS = (
					"DEBUG=1",
					"$(inherited)",
				);
				GCC_WARN_64_TO_32_BIT_CONVERSION = YES;
				GCC_WARN_ABOUT_RETURN_TYPE = YES_ERROR;
				GCC_WARN_UNDECLARED_SELECTOR = YES;
				GCC_WARN_UNINITIALIZED_AUTOS = YES_AGGRESSIVE;
				GCC_WARN_UNUSED_FUNCTION = YES;
				GCC_WARN_UNUSED_VARIABLE = YES;
				IPHONEOS_DEPLOYMENT_TARGET = 12.2;
				MTL_ENABLE_DEBUG_INFO = INCLUDE_SOURCE;
				MTL_FAST_MATH = YES;
				ONLY_ACTIVE_ARCH = YES;
				SDKROOT = iphoneos;
				SWIFT_ACTIVE_COMPILATION_CONDITIONS = DEBUG;
				SWIFT_OPTIMIZATION_LEVEL = "-Onone";
			};
			name = Debug;
		};
		AB14AE5822B1FE1100C78E5C /* Release */ = {
			isa = XCBuildConfiguration;
			buildSettings = {
				ALWAYS_SEARCH_USER_PATHS = NO;
				CLANG_ANALYZER_NONNULL = YES;
				CLANG_ANALYZER_NUMBER_OBJECT_CONVERSION = YES_AGGRESSIVE;
				CLANG_CXX_LANGUAGE_STANDARD = "gnu++14";
				CLANG_CXX_LIBRARY = "libc++";
				CLANG_ENABLE_MODULES = YES;
				CLANG_ENABLE_OBJC_ARC = YES;
				CLANG_ENABLE_OBJC_WEAK = YES;
				CLANG_WARN_BLOCK_CAPTURE_AUTORELEASING = YES;
				CLANG_WARN_BOOL_CONVERSION = YES;
				CLANG_WARN_COMMA = YES;
				CLANG_WARN_CONSTANT_CONVERSION = YES;
				CLANG_WARN_DEPRECATED_OBJC_IMPLEMENTATIONS = YES;
				CLANG_WARN_DIRECT_OBJC_ISA_USAGE = YES_ERROR;
				CLANG_WARN_DOCUMENTATION_COMMENTS = YES;
				CLANG_WARN_EMPTY_BODY = YES;
				CLANG_WARN_ENUM_CONVERSION = YES;
				CLANG_WARN_INFINITE_RECURSION = YES;
				CLANG_WARN_INT_CONVERSION = YES;
				CLANG_WARN_NON_LITERAL_NULL_CONVERSION = YES;
				CLANG_WARN_OBJC_IMPLICIT_RETAIN_SELF = YES;
				CLANG_WARN_OBJC_LITERAL_CONVERSION = YES;
				CLANG_WARN_OBJC_ROOT_CLASS = YES_ERROR;
				CLANG_WARN_RANGE_LOOP_ANALYSIS = YES;
				CLANG_WARN_STRICT_PROTOTYPES = YES;
				CLANG_WARN_SUSPICIOUS_MOVE = YES;
				CLANG_WARN_UNGUARDED_AVAILABILITY = YES_AGGRESSIVE;
				CLANG_WARN_UNREACHABLE_CODE = YES;
				CLANG_WARN__DUPLICATE_METHOD_MATCH = YES;
				CODE_SIGN_IDENTITY = "iPhone Developer";
				COPY_PHASE_STRIP = NO;
				DEBUG_INFORMATION_FORMAT = "dwarf-with-dsym";
				ENABLE_NS_ASSERTIONS = NO;
				ENABLE_STRICT_OBJC_MSGSEND = YES;
				GCC_C_LANGUAGE_STANDARD = gnu11;
				GCC_NO_COMMON_BLOCKS = YES;
				GCC_WARN_64_TO_32_BIT_CONVERSION = YES;
				GCC_WARN_ABOUT_RETURN_TYPE = YES_ERROR;
				GCC_WARN_UNDECLARED_SELECTOR = YES;
				GCC_WARN_UNINITIALIZED_AUTOS = YES_AGGRESSIVE;
				GCC_WARN_UNUSED_FUNCTION = YES;
				GCC_WARN_UNUSED_VARIABLE = YES;
				IPHONEOS_DEPLOYMENT_TARGET = 12.2;
				MTL_ENABLE_DEBUG_INFO = NO;
				MTL_FAST_MATH = YES;
				SDKROOT = iphoneos;
				SWIFT_COMPILATION_MODE = wholemodule;
				SWIFT_OPTIMIZATION_LEVEL = "-O";
				VALIDATE_PRODUCT = YES;
			};
			name = Release;
		};
		AB14AE5A22B1FE1100C78E5C /* Debug */ = {
			isa = XCBuildConfiguration;
			buildSettings = {
				ASSETCATALOG_COMPILER_APPICON_NAME = AppIcon;
				CODE_SIGN_ENTITLEMENTS = beamsapidemo/beamsapidemo.entitlements;
				CODE_SIGN_STYLE = Automatic;
				DEVELOPMENT_TEAM = HSUZ2UJNHR;
				FRAMEWORK_SEARCH_PATHS = (
					"$(inherited)",
					"$(PROJECT_DIR)/Carthage/Build/iOS",
				);
				INFOPLIST_FILE = beamsapidemo/Info.plist;
				IPHONEOS_DEPLOYMENT_TARGET = 12.2;
				LD_RUNPATH_SEARCH_PATHS = (
					"$(inherited)",
					"@executable_path/Frameworks",
				);
				PRODUCT_BUNDLE_IDENTIFIER = com.example.beamsapidemo;
				PRODUCT_NAME = "$(TARGET_NAME)";
				SWIFT_VERSION = 5.0;
				TARGETED_DEVICE_FAMILY = "1,2";
			};
			name = Debug;
		};
		AB14AE5B22B1FE1100C78E5C /* Release */ = {
			isa = XCBuildConfiguration;
			buildSettings = {
				ASSETCATALOG_COMPILER_APPICON_NAME = AppIcon;
				CODE_SIGN_ENTITLEMENTS = beamsapidemo/beamsapidemo.entitlements;
				CODE_SIGN_STYLE = Automatic;
				DEVELOPMENT_TEAM = HSUZ2UJNHR;
				FRAMEWORK_SEARCH_PATHS = (
					"$(inherited)",
					"$(PROJECT_DIR)/Carthage/Build/iOS",
				);
				INFOPLIST_FILE = beamsapidemo/Info.plist;
				IPHONEOS_DEPLOYMENT_TARGET = 12.2;
				LD_RUNPATH_SEARCH_PATHS = (
					"$(inherited)",
					"@executable_path/Frameworks",
				);
				PRODUCT_BUNDLE_IDENTIFIER = com.example.beamsapidemo;
				PRODUCT_NAME = "$(TARGET_NAME)";
				SWIFT_VERSION = 5.0;
				TARGETED_DEVICE_FAMILY = "1,2";
			};
			name = Release;
		};
/* End XCBuildConfiguration section */

/* Begin XCConfigurationList section */
		AB14AE4222B1FE1000C78E5C /* Build configuration list for PBXProject "beamsapidemo" */ = {
			isa = XCConfigurationList;
			buildConfigurations = (
				AB14AE5722B1FE1100C78E5C /* Debug */,
				AB14AE5822B1FE1100C78E5C /* Release */,
			);
			defaultConfigurationIsVisible = 0;
			defaultConfigurationName = Release;
		};
		AB14AE5922B1FE1100C78E5C /* Build configuration list for PBXNativeTarget "beamsapidemo" */ = {
			isa = XCConfigurationList;
			buildConfigurations = (
				AB14AE5A22B1FE1100C78E5C /* Debug */,
				AB14AE5B22B1FE1100C78E5C /* Release */,
			);
			defaultConfigurationIsVisible = 0;
			defaultConfigurationName = Release;
		};
/* End XCConfigurationList section */
	};
	rootObject = AB14AE3F22B1FE1000C78E5C /* Project object */;
}
